
Microsoft Visual Studio Solution File, Format Version 12.00
# Visual Studio Version 17
VisualStudioVersion = 17.9.34728.123
MinimumVisualStudioVersion = 10.0.40219.1
Project("{2150E333-8FDC-42A3-9474-1A3956D46DE8}") = "Solution Items", "Solution Items", "{A113F349-0149-4C2B-A9FC-B3D03337056F}"
	ProjectSection(SolutionItems) = preProject
		.editorconfig = .editorconfig
	EndProjectSection
EndProject
Project("{FAE04EC0-301F-11D3-BF4B-00C04F79EFBC}") = "Dunkin", "Dunkin\Dunkin.csproj", "{8DC9F3F0-A4EE-4214-AE3B-2970F71571D3}"
EndProject
Global
	GlobalSection(SolutionConfigurationPlatforms) = preSolution
		Debug|x86 = Debug|x86
		Release|x86 = Release|x86
	EndGlobalSection
	GlobalSection(ProjectConfigurationPlatforms) = postSolution
		{8DC9F3F0-A4EE-4214-AE3B-2970F71571D3}.Debug|x86.ActiveCfg = Debug|x86
		{8DC9F3F0-A4EE-4214-AE3B-2970F71571D3}.Debug|x86.Build.0 = Debug|x86
		{8DC9F3F0-A4EE-4214-AE3B-2970F71571D3}.Release|x86.ActiveCfg = Release|x86
		{8DC9F3F0-A4EE-4214-AE3B-2970F71571D3}.Release|x86.Build.0 = Release|x86
	EndGlobalSection
	GlobalSection(SolutionProperties) = preSolution
		HideSolutionNode = FALSE
	EndGlobalSection
	GlobalSection(NestedProjects) = preSolution
		{8DC9F3F0-A4EE-4214-AE3B-2970F71571D3} = {A113F349-0149-4C2B-A9FC-B3D03337056F}
	EndGlobalSection
	GlobalSection(ExtensibilityGlobals) = postSolution
		SolutionGuid = {4AAF461B-3934-4BE4-BB2B-1D2423D76C9C}
	EndGlobalSection
EndGlobal
